
Microsoft Visual Studio Solution File, Format Version 12.00
# Visual Studio Version 16
VisualStudioVersion = 16.0.31025.194
MinimumVisualStudioVersion = 10.0.40219.1
Project("{9A19103F-16F7-4668-BE54-9A1E7A4F7556}") = "CsuChhs.Blazor.MarkdownEditor", "CsuChhs.Blazor.MarkdownEditor\CsuChhs.Blazor.MarkdownEditor.csproj", "{2801E6F2-2299-4DF8-9DB3-E4CF7AD0D8E0}"
EndProject
Project("{9A19103F-16F7-4668-BE54-9A1E7A4F7556}") = "ControlsExample", "ControlsExample\ControlsExample.csproj", "{8E98B95D-6649-4777-9FB5-5531603E2E6A}"
EndProject
Global
	GlobalSection(SolutionConfigurationPlatforms) = preSolution
		Debug|Any CPU = Debug|Any CPU
		Release|Any CPU = Release|Any CPU
	EndGlobalSection
	GlobalSection(ProjectConfigurationPlatforms) = postSolution
		{2801E6F2-2299-4DF8-9DB3-E4CF7AD0D8E0}.Debug|Any CPU.ActiveCfg = Debug|Any CPU
		{2801E6F2-2299-4DF8-9DB3-E4CF7AD0D8E0}.Debug|Any CPU.Build.0 = Debug|Any CPU
		{2801E6F2-2299-4DF8-9DB3-E4CF7AD0D8E0}.Release|Any CPU.ActiveCfg = Release|Any CPU
		{2801E6F2-2299-4DF8-9DB3-E4CF7AD0D8E0}.Release|Any CPU.Build.0 = Release|Any CPU
		{8E98B95D-6649-4777-9FB5-5531603E2E6A}.Debug|Any CPU.ActiveCfg = Debug|Any CPU
		{8E98B95D-6649-4777-9FB5-5531603E2E6A}.Debug|Any CPU.Build.0 = Debug|Any CPU
		{8E98B95D-6649-4777-9FB5-5531603E2E6A}.Release|Any CPU.ActiveCfg = Release|Any CPU
		{8E98B95D-6649-4777-9FB5-5531603E2E6A}.Release|Any CPU.Build.0 = Release|Any CPU
	EndGlobalSection
	GlobalSection(SolutionProperties) = preSolution
		HideSolutionNode = FALSE
	EndGlobalSection
	GlobalSection(ExtensibilityGlobals) = postSolution
		SolutionGuid = {B4BA1F29-97C7-48B5-B12E-0C779E5C54A5}
	EndGlobalSection
EndGlobal
